
Microsoft Visual Studio Solution File, Format Version 12.00
# Visual Studio 15
VisualStudioVersion = 15.0.27130.2036
MinimumVisualStudioVersion = 10.0.40219.1
Project("{8BC9CEB8-8B4A-11D0-8D11-00A0C91BC942}") = "Compilator", "Compilator\Compilator.vcxproj", "{E684859B-9722-44B3-B352-1B89EC02DFFB}"
EndProject
Global
	GlobalSection(SolutionConfigurationPlatforms) = preSolution
		Debug|x64 = Debug|x64
		Debug|x86 = Debug|x86
		Release|x64 = Release|x64
		Release|x86 = Release|x86
	EndGlobalSection
	GlobalSection(ProjectConfigurationPlatforms) = postSolution
		{E684859B-9722-44B3-B352-1B89EC02DFFB}.Debug|x64.ActiveCfg = Debug|x64
		{E684859B-9722-44B3-B352-1B89EC02DFFB}.Debug|x64.Build.0 = Debug|x64
		{E684859B-9722-44B3-B352-1B89EC02DFFB}.Debug|x86.ActiveCfg = Debug|Win32
		{E684859B-9722-44B3-B352-1B89EC02DFFB}.Debug|x86.Build.0 = Debug|Win32
		{E684859B-9722-44B3-B352-1B89EC02DFFB}.Release|x64.ActiveCfg = Release|x64
		{E684859B-9722-44B3-B352-1B89EC02DFFB}.Release|x64.Build.0 = Release|x64
		{E684859B-9722-44B3-B352-1B89EC02DFFB}.Release|x86.ActiveCfg = Release|Win32
		{E684859B-9722-44B3-B352-1B89EC02DFFB}.Release|x86.Build.0 = Release|Win32
	EndGlobalSection
	GlobalSection(SolutionProperties) = preSolution
		HideSolutionNode = FALSE
	EndGlobalSection
	GlobalSection(ExtensibilityGlobals) = postSolution
		SolutionGuid = {E5E8EA38-FA2D-4054-B19C-4E12467A3569}
	EndGlobalSection
EndGlobal
